// !$*UTF8*$!
{
	archiveVersion = 1;
	classes = {
	};
	objectVersion = 56;
	objects = {

/* Begin PBXBuildFile section */
		4137CDF72AF86F460055FF0E /* AppDelegate.swift in Sources */ = {isa = PBXBuildFile; fileRef = 4137CDF62AF86F460055FF0E /* AppDelegate.swift */; };
		4137CDF92AF86F460055FF0E /* SceneDelegate.swift in Sources */ = {isa = PBXBuildFile; fileRef = 4137CDF82AF86F460055FF0E /* SceneDelegate.swift */; };
		4137CDFB2AF86F460055FF0E /* ViewController.swift in Sources */ = {isa = PBXBuildFile; fileRef = 4137CDFA2AF86F460055FF0E /* ViewController.swift */; };
		4137CDFE2AF86F460055FF0E /* Main.storyboard in Resources */ = {isa = PBXBuildFile; fileRef = 4137CDFC2AF86F460055FF0E /* Main.storyboard */; };
		4137CE002AF86F480055FF0E /* Assets.xcassets in Resources */ = {isa = PBXBuildFile; fileRef = 4137CDFF2AF86F480055FF0E /* Assets.xcassets */; };
		4137CE032AF86F480055FF0E /* LaunchScreen.storyboard in Resources */ = {isa = PBXBuildFile; fileRef = 4137CE012AF86F480055FF0E /* LaunchScreen.storyboard */; };
		41A404692B707F64000E2A45 /* ColorGenerator.swift in Sources */ = {isa = PBXBuildFile; fileRef = 41A404682B707F64000E2A45 /* ColorGenerator.swift */; };
		41A4046B2B707FAF000E2A45 /* FlipButtonView.swift in Sources */ = {isa = PBXBuildFile; fileRef = 41A4046A2B707FAF000E2A45 /* FlipButtonView.swift */; };
/* End PBXBuildFile section */

/* Begin PBXFileReference section */
		4137CDF32AF86F460055FF0E /* Card flip game.app */ = {isa = PBXFileReference; explicitFileType = wrapper.application; includeInIndex = 0; path = "Card flip game.app"; sourceTree = BUILT_PRODUCTS_DIR; };
		4137CDF62AF86F460055FF0E /* AppDelegate.swift */ = {isa = PBXFileReference; lastKnownFileType = sourcecode.swift; path = AppDelegate.swift; sourceTree = "<group>"; };
		4137CDF82AF86F460055FF0E /* SceneDelegate.swift */ = {isa = PBXFileReference; lastKnownFileType = sourcecode.swift; path = SceneDelegate.swift; sourceTree = "<group>"; };
		4137CDFA2AF86F460055FF0E /* ViewController.swift */ = {isa = PBXFileReference; lastKnownFileType = sourcecode.swift; path = ViewController.swift; sourceTree = "<group>"; };
		4137CDFD2AF86F460055FF0E /* Base */ = {isa = PBXFileReference; lastKnownFileType = file.storyboard; name = Base; path = Base.lproj/Main.storyboard; sourceTree = "<group>"; };
		4137CDFF2AF86F480055FF0E /* Assets.xcassets */ = {isa = PBXFileReference; lastKnownFileType = folder.assetcatalog; path = Assets.xcassets; sourceTree = "<group>"; };
		4137CE022AF86F480055FF0E /* Base */ = {isa = PBXFileReference; lastKnownFileType = file.storyboard; name = Base; path = Base.lproj/LaunchScreen.storyboard; sourceTree = "<group>"; };
		4137CE042AF86F480055FF0E /* Info.plist */ = {isa = PBXFileReference; lastKnownFileType = text.plist.xml; path = Info.plist; sourceTree = "<group>"; };
		41A404682B707F64000E2A45 /* ColorGenerator.swift */ = {isa = PBXFileReference; lastKnownFileType = sourcecode.swift; path = ColorGenerator.swift; sourceTree = "<group>"; };
		41A4046A2B707FAF000E2A45 /* FlipButtonView.swift */ = {isa = PBXFileReference; lastKnownFileType = sourcecode.swift; path = FlipButtonView.swift; sourceTree = "<group>"; };
/* End PBXFileReference section */

/* Begin PBXFrameworksBuildPhase section */
		4137CDF02AF86F460055FF0E /* Frameworks */ = {
			isa = PBXFrameworksBuildPhase;
			buildActionMask = 2147483647;
			files = (
			);
			runOnlyForDeploymentPostprocessing = 0;
		};
/* End PBXFrameworksBuildPhase section */

/* Begin PBXGroup section */
		4137CDEA2AF86F460055FF0E = {
			isa = PBXGroup;
			children = (
				4137CDF52AF86F460055FF0E /* Card flip game */,
				4137CDF42AF86F460055FF0E /* Products */,
			);
			sourceTree = "<group>";
		};
		4137CDF42AF86F460055FF0E /* Products */ = {
			isa = PBXGroup;
			children = (
				4137CDF32AF86F460055FF0E /* Card flip game.app */,
			);
			name = Products;
			sourceTree = "<group>";
		};
		4137CDF52AF86F460055FF0E /* Card flip game */ = {
			isa = PBXGroup;
			children = (
				4137CDF62AF86F460055FF0E /* AppDelegate.swift */,
				4137CDF82AF86F460055FF0E /* SceneDelegate.swift */,
				4137CDFA2AF86F460055FF0E /* ViewController.swift */,
				4137CDFC2AF86F460055FF0E /* Main.storyboard */,
				4137CDFF2AF86F480055FF0E /* Assets.xcassets */,
				4137CE012AF86F480055FF0E /* LaunchScreen.storyboard */,
				4137CE042AF86F480055FF0E /* Info.plist */,
				41A404682B707F64000E2A45 /* ColorGenerator.swift */,
				41A4046A2B707FAF000E2A45 /* FlipButtonView.swift */,
			);
			path = "Card flip game";
			sourceTree = "<group>";
		};
/* End PBXGroup section */

/* Begin PBXNativeTarget section */
		4137CDF22AF86F460055FF0E /* Card flip game */ = {
			isa = PBXNativeTarget;
			buildConfigurationList = 4137CE072AF86F480055FF0E /* Build configuration list for PBXNativeTarget "Card flip game" */;
			buildPhases = (
				4137CDEF2AF86F460055FF0E /* Sources */,
				4137CDF02AF86F460055FF0E /* Frameworks */,
				4137CDF12AF86F460055FF0E /* Resources */,
			);
			buildRules = (
			);
			dependencies = (
			);
			name = "Card flip game";
			productName = "Card flip game";
			productReference = 4137CDF32AF86F460055FF0E /* Card flip game.app */;
			productType = "com.apple.product-type.application";
		};
/* End PBXNativeTarget section */

/* Begin PBXProject section */
		4137CDEB2AF86F460055FF0E /* Project object */ = {
			isa = PBXProject;
			attributes = {
				BuildIndependentTargetsInParallel = 1;
				LastSwiftUpdateCheck = 1420;
				LastUpgradeCheck = 1420;
				TargetAttributes = {
					4137CDF22AF86F460055FF0E = {
						CreatedOnToolsVersion = 14.2;
					};
				};
			};
			buildConfigurationList = 4137CDEE2AF86F460055FF0E /* Build configuration list for PBXProject "Card flip game" */;
			compatibilityVersion = "Xcode 14.0";
			developmentRegion = en;
			hasScannedForEncodings = 0;
			knownRegions = (
				en,
				Base,
			);
			mainGroup = 4137CDEA2AF86F460055FF0E;
			productRefGroup = 4137CDF42AF86F460055FF0E /* Products */;
			projectDirPath = "";
			projectRoot = "";
			targets = (
				4137CDF22AF86F460055FF0E /* Card flip game */,
			);
		};
/* End PBXProject section */

/* Begin PBXResourcesBuildPhase section */
		4137CDF12AF86F460055FF0E /* Resources */ = {
			isa = PBXResourcesBuildPhase;
			buildActionMask = 2147483647;
			files = (
				4137CE032AF86F480055FF0E /* LaunchScreen.storyboard in Resources */,
				4137CE002AF86F480055FF0E /* Assets.xcassets in Resources */,
				4137CDFE2AF86F460055FF0E /* Main.storyboard in Resources */,
			);
			runOnlyForDeploymentPostprocessing = 0;
		};
/* End PBXResourcesBuildPhase section */

/* Begin PBXSourcesBuildPhase section */
		4137CDEF2AF86F460055FF0E /* Sources */ = {
			isa = PBXSourcesBuildPhase;
			buildActionMask = 2147483647;
			files = (
				4137CDFB2AF86F460055FF0E /* ViewController.swift in Sources */,
				41A404692B707F64000E2A45 /* ColorGenerator.swift in Sources */,
				4137CDF72AF86F460055FF0E /* AppDelegate.swift in Sources */,
				41A4046B2B707FAF000E2A45 /* FlipButtonView.swift in Sources */,
				4137CDF92AF86F460055FF0E /* SceneDelegate.swift in Sources */,
			);
			runOnlyForDeploymentPostprocessing = 0;
		};
/* End PBXSourcesBuildPhase section */

/* Begin PBXVariantGroup section */
		4137CDFC2AF86F460055FF0E /* Main.storyboard */ = {
			isa = PBXVariantGroup;
			children = (
				4137CDFD2AF86F460055FF0E /* Base */,
			);
			name = Main.storyboard;
			sourceTree = "<group>";
		};
		4137CE012AF86F480055FF0E /* LaunchScreen.storyboard */ = {
			isa = PBXVariantGroup;
			children = (
				4137CE022AF86F480055FF0E /* Base */,
			);
			name = LaunchScreen.storyboard;
			sourceTree = "<group>";
		};
/* End PBXVariantGroup section */

/* Begin XCBuildConfiguration section */
		4137CE052AF86F480055FF0E /* Debug */ = {
			isa = XCBuildConfiguration;
			buildSettings = {
				ALWAYS_SEARCH_USER_PATHS = NO;
				CLANG_ANALYZER_NONNULL = YES;
				CLANG_ANALYZER_NUMBER_OBJECT_CONVERSION = YES_AGGRESSIVE;
				CLANG_CXX_LANGUAGE_STANDARD = "gnu++20";
				CLANG_ENABLE_MODULES = YES;
				CLANG_ENABLE_OBJC_ARC = YES;
				CLANG_ENABLE_OBJC_WEAK = YES;
				CLANG_WARN_BLOCK_CAPTURE_AUTORELEASING = YES;
				CLANG_WARN_BOOL_CONVERSION = YES;
				CLANG_WARN_COMMA = YES;
				CLANG_WARN_CONSTANT_CONVERSION = YES;
				CLANG_WARN_DEPRECATED_OBJC_IMPLEMENTATIONS = YES;
				CLANG_WARN_DIRECT_OBJC_ISA_USAGE = YES_ERROR;
				CLANG_WARN_DOCUMENTATION_COMMENTS = YES;
				CLANG_WARN_EMPTY_BODY = YES;
				CLANG_WARN_ENUM_CONVERSION = YES;
				CLANG_WARN_INFINITE_RECURSION = YES;
				CLANG_WARN_INT_CONVERSION = YES;
				CLANG_WARN_NON_LITERAL_NULL_CONVERSION = YES;
				CLANG_WARN_OBJC_IMPLICIT_RETAIN_SELF = YES;
				CLANG_WARN_OBJC_LITERAL_CONVERSION = YES;
				CLANG_WARN_OBJC_ROOT_CLASS = YES_ERROR;
				CLANG_WARN_QUOTED_INCLUDE_IN_FRAMEWORK_HEADER = YES;
				CLANG_WARN_RANGE_LOOP_ANALYSIS = YES;
				CLANG_WARN_STRICT_PROTOTYPES = YES;
				CLANG_WARN_SUSPICIOUS_MOVE = YES;
				CLANG_WARN_UNGUARDED_AVAILABILITY = YES_AGGRESSIVE;
				CLANG_WARN_UNREACHABLE_CODE = YES;
				CLANG_WARN__DUPLICATE_METHOD_MATCH = YES;
				COPY_PHASE_STRIP = NO;
				DEBUG_INFORMATION_FORMAT = dwarf;
				ENABLE_STRICT_OBJC_MSGSEND = YES;
				ENABLE_TESTABILITY = YES;
				GCC_C_LANGUAGE_STANDARD = gnu11;
				GCC_DYNAMIC_NO_PIC = NO;
				GCC_NO_COMMON_BLOCKS = YES;
				GCC_OPTIMIZATION_LEVEL = 0;
				GCC_PREPROCESSOR_DEFINITIONS = (
					"DEBUG=1",
					"$(inherited)",
				);
				GCC_WARN_64_TO_32_BIT_CONVERSION = YES;
				GCC_WARN_ABOUT_RETURN_TYPE = YES_ERROR;
				GCC_WARN_UNDECLARED_SELECTOR = YES;
				GCC_WARN_UNINITIALIZED_AUTOS = YES_AGGRESSIVE;
				GCC_WARN_UNUSED_FUNCTION = YES;
				GCC_WARN_UNUSED_VARIABLE = YES;
				IPHONEOS_DEPLOYMENT_TARGET = 16.2;
				MTL_ENABLE_DEBUG_INFO = INCLUDE_SOURCE;
				MTL_FAST_MATH = YES;
				ONLY_ACTIVE_ARCH = YES;
				SDKROOT = iphoneos;
				SWIFT_ACTIVE_COMPILATION_CONDITIONS = DEBUG;
				SWIFT_OPTIMIZATION_LEVEL = "-Onone";
			};
			name = Debug;
		};
		4137CE062AF86F480055FF0E /* Release */ = {
			isa = XCBuildConfiguration;
			buildSettings = {
				ALWAYS_SEARCH_USER_PATHS = NO;
				CLANG_ANALYZER_NONNULL = YES;
				CLANG_ANALYZER_NUMBER_OBJECT_CONVERSION = YES_AGGRESSIVE;
				CLANG_CXX_LANGUAGE_STANDARD = "gnu++20";
				CLANG_ENABLE_MODULES = YES;
				CLANG_ENABLE_OBJC_ARC = YES;
				CLANG_ENABLE_OBJC_WEAK = YES;
				CLANG_WARN_BLOCK_CAPTURE_AUTORELEASING = YES;
				CLANG_WARN_BOOL_CONVERSION = YES;
				CLANG_WARN_COMMA = YES;
				CLANG_WARN_CONSTANT_CONVERSION = YES;
				CLANG_WARN_DEPRECATED_OBJC_IMPLEMENTATIONS = YES;
				CLANG_WARN_DIRECT_OBJC_ISA_USAGE = YES_ERROR;
				CLANG_WARN_DOCUMENTATION_COMMENTS = YES;
				CLANG_WARN_EMPTY_BODY = YES;
				CLANG_WARN_ENUM_CONVERSION = YES;
				CLANG_WARN_INFINITE_RECURSION = YES;
				CLANG_WARN_INT_CONVERSION = YES;
				CLANG_WARN_NON_LITERAL_NULL_CONVERSION = YES;
				CLANG_WARN_OBJC_IMPLICIT_RETAIN_SELF = YES;
				CLANG_WARN_OBJC_LITERAL_CONVERSION = YES;
				CLANG_WARN_OBJC_ROOT_CLASS = YES_ERROR;
				CLANG_WARN_QUOTED_INCLUDE_IN_FRAMEWORK_HEADER = YES;
				CLANG_WARN_RANGE_LOOP_ANALYSIS = YES;
				CLANG_WARN_STRICT_PROTOTYPES = YES;
				CLANG_WARN_SUSPICIOUS_MOVE = YES;
				CLANG_WARN_UNGUARDED_AVAILABILITY = YES_AGGRESSIVE;
				CLANG_WARN_UNREACHABLE_CODE = YES;
				CLANG_WARN__DUPLICATE_METHOD_MATCH = YES;
				COPY_PHASE_STRIP = NO;
				DEBUG_INFORMATION_FORMAT = "dwarf-with-dsym";
				ENABLE_NS_ASSERTIONS = NO;
				ENABLE_STRICT_OBJC_MSGSEND = YES;
				GCC_C_LANGUAGE_STANDARD = gnu11;
				GCC_NO_COMMON_BLOCKS = YES;
				GCC_WARN_64_TO_32_BIT_CONVERSION = YES;
				GCC_WARN_ABOUT_RETURN_TYPE = YES_ERROR;
				GCC_WARN_UNDECLARED_SELECTOR = YES;
				GCC_WARN_UNINITIALIZED_AUTOS = YES_AGGRESSIVE;
				GCC_WARN_UNUSED_FUNCTION = YES;
				GCC_WARN_UNUSED_VARIABLE = YES;
				IPHONEOS_DEPLOYMENT_TARGET = 16.2;
				MTL_ENABLE_DEBUG_INFO = NO;
				MTL_FAST_MATH = YES;
				SDKROOT = iphoneos;
				SWIFT_COMPILATION_MODE = wholemodule;
				SWIFT_OPTIMIZATION_LEVEL = "-O";
				VALIDATE_PRODUCT = YES;
			};
			name = Release;
		};
		4137CE082AF86F480055FF0E /* Debug */ = {
			isa = XCBuildConfiguration;
			buildSettings = {
				ASSETCATALOG_COMPILER_APPICON_NAME = AppIcon;
				ASSETCATALOG_COMPILER_GLOBAL_ACCENT_COLOR_NAME = AccentColor;
				CODE_SIGN_STYLE = Automatic;
				CURRENT_PROJECT_VERSION = 1;
				GENERATE_INFOPLIST_FILE = YES;
				INFOPLIST_FILE = "Card flip game/Info.plist";
				INFOPLIST_KEY_UIApplicationSupportsIndirectInputEvents = YES;
				INFOPLIST_KEY_UILaunchStoryboardName = LaunchScreen;
				INFOPLIST_KEY_UIMainStoryboardFile = Main;
				INFOPLIST_KEY_UISupportedInterfaceOrientations_iPad = "UIInterfaceOrientationPortrait UIInterfaceOrientationPortraitUpsideDown UIInterfaceOrientationLandscapeLeft UIInterfaceOrientationLandscapeRight";
				INFOPLIST_KEY_UISupportedInterfaceOrientations_iPhone = "UIInterfaceOrientationPortrait UIInterfaceOrientationLandscapeLeft UIInterfaceOrientationLandscapeRight";
				LD_RUNPATH_SEARCH_PATHS = (
					"$(inherited)",
					"@executable_path/Frameworks",
				);
				MARKETING_VERSION = 1.0;
				PRODUCT_BUNDLE_IDENTIFIER = "prashantkanwar.Card-flip-game";
				PRODUCT_NAME = "$(TARGET_NAME)";
				SWIFT_EMIT_LOC_STRINGS = YES;
				SWIFT_VERSION = 5.0;
				TARGETED_DEVICE_FAMILY = "1,2";
			};
			name = Debug;
		};
		4137CE092AF86F480055FF0E /* Release */ = {
			isa = XCBuildConfiguration;
			buildSettings = {
				ASSETCATALOG_COMPILER_APPICON_NAME = AppIcon;
				ASSETCATALOG_COMPILER_GLOBAL_ACCENT_COLOR_NAME = AccentColor;
				CODE_SIGN_STYLE = Automatic;
				CURRENT_PROJECT_VERSION = 1;
				GENERATE_INFOPLIST_FILE = YES;
				INFOPLIST_FILE = "Card flip game/Info.plist";
				INFOPLIST_KEY_UIApplicationSupportsIndirectInputEvents = YES;
				INFOPLIST_KEY_UILaunchStoryboardName = LaunchScreen;
				INFOPLIST_KEY_UIMainStoryboardFile = Main;
				INFOPLIST_KEY_UISupportedInterfaceOrientations_iPad = "UIInterfaceOrientationPortrait UIInterfaceOrientationPortraitUpsideDown UIInterfaceOrientationLandscapeLeft UIInterfaceOrientationLandscapeRight";
				INFOPLIST_KEY_UISupportedInterfaceOrientations_iPhone = "UIInterfaceOrientationPortrait UIInterfaceOrientationLandscapeLeft UIInterfaceOrientationLandscapeRight";
				LD_RUNPATH_SEARCH_PATHS = (
					"$(inherited)",
					"@executable_path/Frameworks",
				);
				MARKETING_VERSION = 1.0;
				PRODUCT_BUNDLE_IDENTIFIER = "prashantkanwar.Card-flip-game";
				PRODUCT_NAME = "$(TARGET_NAME)";
				SWIFT_EMIT_LOC_STRINGS = YES;
				SWIFT_VERSION = 5.0;
				TARGETED_DEVICE_FAMILY = "1,2";
			};
			name = Release;
		};
/* End XCBuildConfiguration section */

/* Begin XCConfigurationList section */
		4137CDEE2AF86F460055FF0E /* Build configuration list for PBXProject "Card flip game" */ = {
			isa = XCConfigurationList;
			buildConfigurations = (
				4137CE052AF86F480055FF0E /* Debug */,
				4137CE062AF86F480055FF0E /* Release */,
			);
			defaultConfigurationIsVisible = 0;
			defaultConfigurationName = Release;
		};
		4137CE072AF86F480055FF0E /* Build configuration list for PBXNativeTarget "Card flip game" */ = {
			isa = XCConfigurationList;
			buildConfigurations = (
				4137CE082AF86F480055FF0E /* Debug */,
				4137CE092AF86F480055FF0E /* Release */,
			);
			defaultConfigurationIsVisible = 0;
			defaultConfigurationName = Release;
		};
/* End XCConfigurationList section */
	};
	rootObject = 4137CDEB2AF86F460055FF0E /* Project object */;
}
